
Microsoft Visual Studio Solution File, Format Version 12.00
# Visual Studio Version 17
VisualStudioVersion = 17.7.34302.85
MinimumVisualStudioVersion = 10.0.40219.1
Project("{FAE04EC0-301F-11D3-BF4B-00C04F79EFBC}") = "CoursesAppMVC", "CoursesAppMVC.csproj", "{35843101-EDEB-457A-98E2-04C6F7C44D61}"
EndProject
Global
	GlobalSection(SolutionConfigurationPlatforms) = preSolution
		Debug|Any CPU = Debug|Any CPU
		Release|Any CPU = Release|Any CPU
	EndGlobalSection
	GlobalSection(ProjectConfigurationPlatforms) = postSolution
		{35843101-EDEB-457A-98E2-04C6F7C44D61}.Debug|Any CPU.ActiveCfg = Debug|Any CPU
		{35843101-EDEB-457A-98E2-04C6F7C44D61}.Debug|Any CPU.Build.0 = Debug|Any CPU
		{35843101-EDEB-457A-98E2-04C6F7C44D61}.Release|Any CPU.ActiveCfg = Release|Any CPU
		{35843101-EDEB-457A-98E2-04C6F7C44D61}.Release|Any CPU.Build.0 = Release|Any CPU
	EndGlobalSection
	GlobalSection(SolutionProperties) = preSolution
		HideSolutionNode = FALSE
	EndGlobalSection
	GlobalSection(ExtensibilityGlobals) = postSolution
		SolutionGuid = {DB884DB2-DFF0-4410-869A-85909756AE73}
	EndGlobalSection
EndGlobal
